github.com/cilium/ebpf v0.0.0-20200810074634-c7f12345af08 h1:62BuutQ691c2Ehm5k7Td0NxOrWLa1UQE3vNuxh+ZVIg=
github.com/cilium/ebpf v0.0.0-20200810074634-c7f12345af08/go.mod h1:7cR51M8ViRLIdUjrmSXlK9pkrsDlLHbO8jiB8X8JnOc=
golang.org/x/sys v0.0.0-20200124204421-9fbb57f87de9 h1:1/DFK4b7JH8DmkqhUk48onnSfrPzImPoVxuomtbT2nk=
golang.org/x/sys v0.0.0-20200124204421-9fbb57f87de9/go.mod h1:h1NjWce9XRLGQEsW7wpKNCjG9DtNlClVuFLEZdDNbEs=
