github.com/cilium/ebpf v0.0.0-20200810074634-c7f12345af08 h1:62BuutQ691c2Ehm5k7Td0NxOrWLa1UQE3vNuxh+ZVIg=
github.com/cilium/ebpf v0.0.0-20200810074634-c7f12345af08/go.mod h1:7cR51M8ViRLIdUjrmSXlK9pkrsDlLHbO8jiB8X8JnOc=
github.com/go-bindata/go-bindata v1.0.0 h1:DZ34txDXWn1DyWa+vQf7V9ANc2ILTtrEjtlsdJRF26M=
github.com/go-bindata/go-bindata v3.1.2+incompatible h1:5vjJMVhowQdPzjE1LdxyFF7YFTXg5IgGVW4gBr5IbvE=
github.com/go-bindata/go-bindata v3.1.2+incompatible/go.mod h1:xK8Dsgwmeed+BBsSy2XTopBn/8uK2HWuGSnA11C3Joo=
golang.org/x/sys v0.0.0-20200124204421-9fbb57f87de9 h1:1/DFK4b7JH8DmkqhUk48onnSfrPzImPoVxuomtbT2nk=
golang.org/x/sys v0.0.0-20200124204421-9fbb57f87de9/go.mod h1:h1NjWce9XRLGQEsW7wpKNCjG9DtNlClVuFLEZdDNbEs=
